{
  "name": "it-hillel",
  "version": "1.0.0",
  "lockfileVersion": 3,
  "requires": true,
  "packages": {
    "": {
      "name": "it-hillel",
      "version": "1.0.0",
      "license": "ISC",
      "dependencies": {
        "@faker-js/faker": "^9.4.0",
        "dotenv": "^16.4.7"
      },
      "devDependencies": {
        "chalk": "^5.4.1"
      }
    },
    "node_modules/@faker-js/faker": {
      "version": "9.4.0",
      "resolved": "https://registry.npmjs.org/@faker-js/faker/-/faker-9.4.0.tgz",
      "integrity": "sha512-85+k0AxaZSTowL0gXp8zYWDIrWclTbRPg/pm/V0dSFZ6W6D4lhcG3uuZl4zLsEKfEvs69xDbLN2cHQudwp95JA==",
      "funding": [
        {
          "type": "opencollective",
          "url": "https://opencollective.com/fakerjs"
        }
      ],
      "engines": {
        "node": ">=18.0.0",
        "npm": ">=9.0.0"
      }
    },
    "node_modules/chalk": {
      "version": "5.4.1",
      "resolved": "https://registry.npmjs.org/chalk/-/chalk-5.4.1.tgz",
      "integrity": "sha512-zgVZuo2WcZgfUEmsn6eO3kINexW8RAE4maiQ8QNs8CtpPCSyMiYsULR3HQYkm3w8FIA3SberyMJMSldGsW+U3w==",
      "dev": true,
      "engines": {
        "node": "^12.17.0 || ^14.13 || >=16.0.0"
      },
      "funding": {
        "url": "https://github.com/chalk/chalk?sponsor=1"
      }
    },
    "node_modules/dotenv": {
      "version": "16.4.7",
      "resolved": "https://registry.npmjs.org/dotenv/-/dotenv-16.4.7.tgz",
      "integrity": "sha512-47qPchRCykZC03FhkYAhrvwU4xDBFIj1QPqaarj6mdM/hgUzfPHcpkHJOn3mJAufFeeAxAzeGsr5X0M4k6fLZQ==",
      "engines": {
        "node": ">=12"
      },
      "funding": {
        "url": "https://dotenvx.com"
      }
    }
  }
}
